{
  "nodes": {
    "grub2-themes": {
      "inputs": {
        "nixpkgs": "nixpkgs"
      },
      "locked": {
        "lastModified": 1734412921,
        "narHash": "sha256-JeMqc7lLowKn6klrCcOkcOg38yNqF7MPbN4Elh6Xvq0=",
        "owner": "vinceliuice",
        "repo": "grub2-themes",
        "rev": "f6ab2438e124f60a340a526543e498e5e33b3c53",
        "type": "github"
      },
      "original": {
        "owner": "vinceliuice",
        "repo": "grub2-themes",
        "type": "github"
      }
    },
    "home-manager": {
      "inputs": {
        "nixpkgs": [
          "nixpkgs"
        ]
      },
      "locked": {
        "lastModified": 1736373539,
        "narHash": "sha256-dinzAqCjenWDxuy+MqUQq0I4zUSfaCvN9rzuCmgMZJY=",
        "owner": "nix-community",
        "repo": "home-manager",
        "rev": "bd65bc3cde04c16755955630b344bc9e35272c56",
        "type": "github"
      },
      "original": {
        "owner": "nix-community",
        "ref": "release-24.11",
        "repo": "home-manager",
        "type": "github"
      }
    },
    "nixpkgs": {
      "locked": {
        "lastModified": 1737129870,
        "narHash": "sha256-ahDzaA4nV00HUH7UZ7gNzlOKfb7gho4wm7ip/tPkgeU=",
        "owner": "NixOS",
        "repo": "nixpkgs",
        "rev": "eac67d5a7f01201fcb04d1dae0b32a3aadba70e8",
        "type": "github"
      },
      "original": {
        "owner": "NixOS",
        "ref": "master",
        "repo": "nixpkgs",
        "type": "github"
      }
    },
    "nixpkgs_2": {
      "locked": {
        "lastModified": 1736916166,
        "narHash": "sha256-puPDoVKxkuNmYIGMpMQiK8bEjaACcCksolsG36gdaNQ=",
        "owner": "nixos",
        "repo": "nixpkgs",
        "rev": "e24b4c09e963677b1beea49d411cd315a024ad3a",
        "type": "github"
      },
      "original": {
        "owner": "nixos",
        "ref": "nixos-24.11",
        "repo": "nixpkgs",
        "type": "github"
      }
    },
    "nixpkgs_3": {
      "locked": {
        "lastModified": 0,
        "narHash": "sha256-DjkQPnkAfd7eB522PwnkGhOMuT9QVCZspDpJJYyOj60=",
        "path": "/nix/store/g3jyakqb3ipnr6gz5rw10fb17ckr2z00-source",
        "type": "path"
      },
      "original": {
        "id": "nixpkgs",
        "type": "indirect"
      }
    },
    "root": {
      "inputs": {
        "grub2-themes": "grub2-themes",
        "home-manager": "home-manager",
        "nixpkgs": "nixpkgs_2",
        "waveforms": "waveforms"
      }
    },
    "waveforms": {
      "inputs": {
        "nixpkgs": "nixpkgs_3"
      },
      "locked": {
        "lastModified": 1728376004,
        "narHash": "sha256-mTib24PapKexOaTUNsGiTtZFaXR2LYaQazVBGzlnAig=",
        "owner": "liff",
        "repo": "waveforms-flake",
        "rev": "1d58c63da1ce63a2896d13a3d66238ff9aca89e4",
        "type": "github"
      },
      "original": {
        "owner": "liff",
        "repo": "waveforms-flake",
        "type": "github"
      }
    }
  },
  "root": "root",
  "version": 7
}
